
Microsoft Visual Studio Solution File, Format Version 12.00
# Visual Studio Version 17
VisualStudioVersion = 17.0.31912.275
MinimumVisualStudioVersion = 10.0.40219.1
Project("{2150E333-8FDC-42A3-9474-1A3956D46DE8}") = "Solution Items", "Solution Items", "{502ED935-8C0A-4F7B-970F-D4632F731AF0}"
	ProjectSection(SolutionItems) = preProject
		Directory.Build.props = Directory.Build.props
		Directory.Build.targets = Directory.Build.targets
	EndProjectSection
EndProject
Project("{9A19103F-16F7-4668-BE54-9A1E7A4F7556}") = "SharpMeasures.SourceGenerators.Attributes", "SharpMeasures\SharpMeasures.SourceGenerators\SharpMeasures.SourceGenerators.Attributes\SharpMeasures.SourceGenerators.Attributes\SharpMeasures.SourceGenerators.Attributes.csproj", "{B30EA9AA-8D5A-4E03-9657-0E490F8E40A1}"
EndProject
Project("{9A19103F-16F7-4668-BE54-9A1E7A4F7556}") = "SharpMeasures.Base", "SharpMeasures\SharpMeasures.Base\SharpMeasures.Base.csproj", "{9E2FCD61-2A77-4E29-A06A-1C68FBEC59E8}"
EndProject
Project("{9A19103F-16F7-4668-BE54-9A1E7A4F7556}") = "SharpMeasures.Analyzers", "SharpMeasures\SharpMeasures.Analyzers\SharpMeasures.Analyzers\SharpMeasures.Analyzers.csproj", "{5EE77EDC-5F33-407B-B8A2-0223D3D6CCC0}"
EndProject
Project("{9A19103F-16F7-4668-BE54-9A1E7A4F7556}") = "SharpMeasures.SourceGenerators", "SharpMeasures\SharpMeasures.SourceGenerators\SharpMeasures.SourceGenerators\SharpMeasures.SourceGenerators.csproj", "{B2DFF72C-82D6-4D79-B1AF-F55738716F7D}"
EndProject
Project("{9A19103F-16F7-4668-BE54-9A1E7A4F7556}") = "SharpMeasures.SourceGenerators.Tests", "SharpMeasures\SharpMeasures.SourceGenerators\SharpMeasures.SourceGenerators.Tests\SharpMeasures.SourceGenerators.Tests.csproj", "{5840D10A-B7BC-4144-B657-813C788E8B05}"
EndProject
Project("{9A19103F-16F7-4668-BE54-9A1E7A4F7556}") = "SharpMeasures.SourceGenerators.Analyzers", "SharpMeasures\SharpMeasures.SourceGenerators\SharpMeasures.SourceGenerators.Analyzers\SharpMeasures.SourceGenerators.Analyzers\SharpMeasures.SourceGenerators.Analyzers.csproj", "{D6A778F2-362E-40BF-BB2A-11C2911087D6}"
EndProject
Project("{9A19103F-16F7-4668-BE54-9A1E7A4F7556}") = "SharpMeasures", "SharpMeasures\SharpMeasures\SharpMeasures.csproj", "{8DC296AE-6DA4-4DB1-9C83-E06456E5597A}"
EndProject
Project("{9A19103F-16F7-4668-BE54-9A1E7A4F7556}") = "SharpMeasures.SourceGenerators.Attributes.Meta", "SharpMeasures\SharpMeasures.SourceGenerators\SharpMeasures.SourceGenerators.Attributes\SharpMeasures.SourceGenerators.Attributes.Meta\SharpMeasures.SourceGenerators.Attributes.Meta.csproj", "{A6F3DD13-760B-46E5-B341-57C22187515A}"
EndProject
Project("{9A19103F-16F7-4668-BE54-9A1E7A4F7556}") = "SharpMeasures.SourceGenerators.Analyzers.Fixes", "SharpMeasures\SharpMeasures.SourceGenerators\SharpMeasures.SourceGenerators.Analyzers\SharpMeasures.SourceGenerators.Analyzers.Fixes\SharpMeasures.SourceGenerators.Analyzers.Fixes.csproj", "{15DCB84B-3FD5-4CA6-BB77-377225B8CDDF}"
EndProject
Project("{9A19103F-16F7-4668-BE54-9A1E7A4F7556}") = "SharpMeasures.Analyzers.Fixes", "SharpMeasures\SharpMeasures.Analyzers\SharpMeasures.Analyzers.Fixes\SharpMeasures.Analyzers.Fixes.csproj", "{84858CC4-3EB1-4E27-8401-969C0BAEE6FE}"
EndProject
Global
	GlobalSection(SolutionConfigurationPlatforms) = preSolution
		Debug|Any CPU = Debug|Any CPU
		Release|Any CPU = Release|Any CPU
	EndGlobalSection
	GlobalSection(ProjectConfigurationPlatforms) = postSolution
		{B30EA9AA-8D5A-4E03-9657-0E490F8E40A1}.Debug|Any CPU.ActiveCfg = Debug|Any CPU
		{B30EA9AA-8D5A-4E03-9657-0E490F8E40A1}.Debug|Any CPU.Build.0 = Debug|Any CPU
		{B30EA9AA-8D5A-4E03-9657-0E490F8E40A1}.Release|Any CPU.ActiveCfg = Release|Any CPU
		{B30EA9AA-8D5A-4E03-9657-0E490F8E40A1}.Release|Any CPU.Build.0 = Release|Any CPU
		{9E2FCD61-2A77-4E29-A06A-1C68FBEC59E8}.Debug|Any CPU.ActiveCfg = Debug|Any CPU
		{9E2FCD61-2A77-4E29-A06A-1C68FBEC59E8}.Debug|Any CPU.Build.0 = Debug|Any CPU
		{9E2FCD61-2A77-4E29-A06A-1C68FBEC59E8}.Release|Any CPU.ActiveCfg = Release|Any CPU
		{9E2FCD61-2A77-4E29-A06A-1C68FBEC59E8}.Release|Any CPU.Build.0 = Release|Any CPU
		{5EE77EDC-5F33-407B-B8A2-0223D3D6CCC0}.Debug|Any CPU.ActiveCfg = Debug|Any CPU
		{5EE77EDC-5F33-407B-B8A2-0223D3D6CCC0}.Debug|Any CPU.Build.0 = Debug|Any CPU
		{5EE77EDC-5F33-407B-B8A2-0223D3D6CCC0}.Release|Any CPU.ActiveCfg = Release|Any CPU
		{5EE77EDC-5F33-407B-B8A2-0223D3D6CCC0}.Release|Any CPU.Build.0 = Release|Any CPU
		{B2DFF72C-82D6-4D79-B1AF-F55738716F7D}.Debug|Any CPU.ActiveCfg = Debug|Any CPU
		{B2DFF72C-82D6-4D79-B1AF-F55738716F7D}.Debug|Any CPU.Build.0 = Debug|Any CPU
		{B2DFF72C-82D6-4D79-B1AF-F55738716F7D}.Release|Any CPU.ActiveCfg = Release|Any CPU
		{B2DFF72C-82D6-4D79-B1AF-F55738716F7D}.Release|Any CPU.Build.0 = Release|Any CPU
		{5840D10A-B7BC-4144-B657-813C788E8B05}.Debug|Any CPU.ActiveCfg = Debug|Any CPU
		{5840D10A-B7BC-4144-B657-813C788E8B05}.Debug|Any CPU.Build.0 = Debug|Any CPU
		{5840D10A-B7BC-4144-B657-813C788E8B05}.Release|Any CPU.ActiveCfg = Release|Any CPU
		{5840D10A-B7BC-4144-B657-813C788E8B05}.Release|Any CPU.Build.0 = Release|Any CPU
		{D6A778F2-362E-40BF-BB2A-11C2911087D6}.Debug|Any CPU.ActiveCfg = Debug|Any CPU
		{D6A778F2-362E-40BF-BB2A-11C2911087D6}.Debug|Any CPU.Build.0 = Debug|Any CPU
		{D6A778F2-362E-40BF-BB2A-11C2911087D6}.Release|Any CPU.ActiveCfg = Release|Any CPU
		{D6A778F2-362E-40BF-BB2A-11C2911087D6}.Release|Any CPU.Build.0 = Release|Any CPU
		{8DC296AE-6DA4-4DB1-9C83-E06456E5597A}.Debug|Any CPU.ActiveCfg = Debug|Any CPU
		{8DC296AE-6DA4-4DB1-9C83-E06456E5597A}.Debug|Any CPU.Build.0 = Debug|Any CPU
		{8DC296AE-6DA4-4DB1-9C83-E06456E5597A}.Release|Any CPU.ActiveCfg = Release|Any CPU
		{8DC296AE-6DA4-4DB1-9C83-E06456E5597A}.Release|Any CPU.Build.0 = Release|Any CPU
		{A6F3DD13-760B-46E5-B341-57C22187515A}.Debug|Any CPU.ActiveCfg = Debug|Any CPU
		{A6F3DD13-760B-46E5-B341-57C22187515A}.Debug|Any CPU.Build.0 = Debug|Any CPU
		{A6F3DD13-760B-46E5-B341-57C22187515A}.Release|Any CPU.ActiveCfg = Release|Any CPU
		{A6F3DD13-760B-46E5-B341-57C22187515A}.Release|Any CPU.Build.0 = Release|Any CPU
		{15DCB84B-3FD5-4CA6-BB77-377225B8CDDF}.Debug|Any CPU.ActiveCfg = Debug|Any CPU
		{15DCB84B-3FD5-4CA6-BB77-377225B8CDDF}.Debug|Any CPU.Build.0 = Debug|Any CPU
		{15DCB84B-3FD5-4CA6-BB77-377225B8CDDF}.Release|Any CPU.ActiveCfg = Release|Any CPU
		{15DCB84B-3FD5-4CA6-BB77-377225B8CDDF}.Release|Any CPU.Build.0 = Release|Any CPU
		{84858CC4-3EB1-4E27-8401-969C0BAEE6FE}.Debug|Any CPU.ActiveCfg = Debug|Any CPU
		{84858CC4-3EB1-4E27-8401-969C0BAEE6FE}.Debug|Any CPU.Build.0 = Debug|Any CPU
		{84858CC4-3EB1-4E27-8401-969C0BAEE6FE}.Release|Any CPU.ActiveCfg = Release|Any CPU
		{84858CC4-3EB1-4E27-8401-969C0BAEE6FE}.Release|Any CPU.Build.0 = Release|Any CPU
	EndGlobalSection
	GlobalSection(SolutionProperties) = preSolution
		HideSolutionNode = FALSE
	EndGlobalSection
	GlobalSection(ExtensibilityGlobals) = postSolution
		SolutionGuid = {EA3C98CA-2FC6-4B78-9C3A-6C07616112B6}
	EndGlobalSection
EndGlobal
