
Microsoft Visual Studio Solution File, Format Version 12.00
# Visual Studio Version 17
VisualStudioVersion = 17.0.31912.275
MinimumVisualStudioVersion = 10.0.40219.1
Project("{9A19103F-16F7-4668-BE54-9A1E7A4F7556}") = "SharpMeasures", "SharpMeasures\SharpMeasures.csproj", "{1F658304-36FA-4F7F-9380-36ED84ADBD2C}"
EndProject
Project("{9A19103F-16F7-4668-BE54-9A1E7A4F7556}") = "SharpMeasures.SourceGenerators.Attributes", "SharpMeasures.SourceGenerators\SharpMeasures.SourceGenerators.Attributes\SharpMeasures.SourceGenerators.Attributes.csproj", "{7AA76402-18C7-4116-923F-E29BBA6C5766}"
EndProject
Project("{9A19103F-16F7-4668-BE54-9A1E7A4F7556}") = "SharpMeasures.Analyzers", "SharpMeasures.Analyzers\SharpMeasures.Analyzers\SharpMeasures.Analyzers.csproj", "{24393BEF-E28D-4368-B8CD-EBEB1B972968}"
EndProject
Project("{9A19103F-16F7-4668-BE54-9A1E7A4F7556}") = "SharpMeasures.Analyzers.CodeFixes", "SharpMeasures.Analyzers\SharpMeasures.Analyzers.CodeFixes\SharpMeasures.Analyzers.CodeFixes.csproj", "{EDAB3CBB-DFE6-4F69-B5BB-9C15F8E0BF90}"
EndProject
Project("{9A19103F-16F7-4668-BE54-9A1E7A4F7556}") = "SharpMeasures.SourceGenerators", "SharpMeasures.SourceGenerators\SharpMeasures.SourceGenerators\SharpMeasures.SourceGenerators.csproj", "{1F35D400-3F8C-4089-8DF6-AD026BD1C28E}"
EndProject
Project("{9A19103F-16F7-4668-BE54-9A1E7A4F7556}") = "SharpMeasures.SourceGenerators.Analyzers", "SharpMeasures.SourceGenerators\SharpMeasures.SourceGenerators.Analyzers\SharpMeasures.SourceGenerators.Analyzers\SharpMeasures.SourceGenerators.Analyzers.csproj", "{E38D9D7D-49AE-4D2D-9AA6-330701B6F99C}"
EndProject
Project("{9A19103F-16F7-4668-BE54-9A1E7A4F7556}") = "SharpMeasures.SourceGenerators.Analyzers.CodeFixes", "SharpMeasures.SourceGenerators\SharpMeasures.SourceGenerators.Analyzers\SharpMeasures.SourceGenerators.Analyzers.CodeFixes\SharpMeasures.SourceGenerators.Analyzers.CodeFixes.csproj", "{AE01C605-B3A3-40DB-9871-378BC6F8A3B1}"
EndProject
Project("{2150E333-8FDC-42A3-9474-1A3956D46DE8}") = "Solution Items", "Solution Items", "{502ED935-8C0A-4F7B-970F-D4632F731AF0}"
	ProjectSection(SolutionItems) = preProject
		Directory.Build.props = Directory.Build.props
		Directory.Build.targets = Directory.Build.targets
	EndProjectSection
EndProject
Project("{9A19103F-16F7-4668-BE54-9A1E7A4F7556}") = "SharpMeasures.SourceGenerators.Tests", "SharpMeasures.SourceGenerators\SharpMeasures.SourceGenerators.Tests\SharpMeasures.SourceGenerators.Tests.csproj", "{6E1EBF58-8BA5-4765-8EC0-C4193C3B6C59}"
EndProject
Project("{FAE04EC0-301F-11D3-BF4B-00C04F79EFBC}") = "SharpMeasures.SourceGenerators.Attributes.Meta", "SharpMeasures.SourceGenerators\SharpMeasures.SourceGenerators.Attributes.Meta\SharpMeasures.SourceGenerators.Attributes.Meta.csproj", "{39A20880-65D7-4F15-98B5-64C2D3DEC2BB}"
EndProject
Global
	GlobalSection(SolutionConfigurationPlatforms) = preSolution
		Debug|Any CPU = Debug|Any CPU
		Release|Any CPU = Release|Any CPU
	EndGlobalSection
	GlobalSection(ProjectConfigurationPlatforms) = postSolution
		{1F658304-36FA-4F7F-9380-36ED84ADBD2C}.Debug|Any CPU.ActiveCfg = Debug|Any CPU
		{1F658304-36FA-4F7F-9380-36ED84ADBD2C}.Debug|Any CPU.Build.0 = Debug|Any CPU
		{1F658304-36FA-4F7F-9380-36ED84ADBD2C}.Release|Any CPU.ActiveCfg = Release|Any CPU
		{1F658304-36FA-4F7F-9380-36ED84ADBD2C}.Release|Any CPU.Build.0 = Release|Any CPU
		{7AA76402-18C7-4116-923F-E29BBA6C5766}.Debug|Any CPU.ActiveCfg = Debug|Any CPU
		{7AA76402-18C7-4116-923F-E29BBA6C5766}.Debug|Any CPU.Build.0 = Debug|Any CPU
		{7AA76402-18C7-4116-923F-E29BBA6C5766}.Release|Any CPU.ActiveCfg = Release|Any CPU
		{7AA76402-18C7-4116-923F-E29BBA6C5766}.Release|Any CPU.Build.0 = Release|Any CPU
		{24393BEF-E28D-4368-B8CD-EBEB1B972968}.Debug|Any CPU.ActiveCfg = Debug|Any CPU
		{24393BEF-E28D-4368-B8CD-EBEB1B972968}.Debug|Any CPU.Build.0 = Debug|Any CPU
		{24393BEF-E28D-4368-B8CD-EBEB1B972968}.Release|Any CPU.ActiveCfg = Release|Any CPU
		{24393BEF-E28D-4368-B8CD-EBEB1B972968}.Release|Any CPU.Build.0 = Release|Any CPU
		{EDAB3CBB-DFE6-4F69-B5BB-9C15F8E0BF90}.Debug|Any CPU.ActiveCfg = Debug|Any CPU
		{EDAB3CBB-DFE6-4F69-B5BB-9C15F8E0BF90}.Debug|Any CPU.Build.0 = Debug|Any CPU
		{EDAB3CBB-DFE6-4F69-B5BB-9C15F8E0BF90}.Release|Any CPU.ActiveCfg = Release|Any CPU
		{EDAB3CBB-DFE6-4F69-B5BB-9C15F8E0BF90}.Release|Any CPU.Build.0 = Release|Any CPU
		{1F35D400-3F8C-4089-8DF6-AD026BD1C28E}.Debug|Any CPU.ActiveCfg = Debug|Any CPU
		{1F35D400-3F8C-4089-8DF6-AD026BD1C28E}.Debug|Any CPU.Build.0 = Debug|Any CPU
		{1F35D400-3F8C-4089-8DF6-AD026BD1C28E}.Release|Any CPU.ActiveCfg = Release|Any CPU
		{1F35D400-3F8C-4089-8DF6-AD026BD1C28E}.Release|Any CPU.Build.0 = Release|Any CPU
		{E38D9D7D-49AE-4D2D-9AA6-330701B6F99C}.Debug|Any CPU.ActiveCfg = Debug|Any CPU
		{E38D9D7D-49AE-4D2D-9AA6-330701B6F99C}.Debug|Any CPU.Build.0 = Debug|Any CPU
		{E38D9D7D-49AE-4D2D-9AA6-330701B6F99C}.Release|Any CPU.ActiveCfg = Release|Any CPU
		{E38D9D7D-49AE-4D2D-9AA6-330701B6F99C}.Release|Any CPU.Build.0 = Release|Any CPU
		{AE01C605-B3A3-40DB-9871-378BC6F8A3B1}.Debug|Any CPU.ActiveCfg = Debug|Any CPU
		{AE01C605-B3A3-40DB-9871-378BC6F8A3B1}.Debug|Any CPU.Build.0 = Debug|Any CPU
		{AE01C605-B3A3-40DB-9871-378BC6F8A3B1}.Release|Any CPU.ActiveCfg = Release|Any CPU
		{AE01C605-B3A3-40DB-9871-378BC6F8A3B1}.Release|Any CPU.Build.0 = Release|Any CPU
		{6E1EBF58-8BA5-4765-8EC0-C4193C3B6C59}.Debug|Any CPU.ActiveCfg = Debug|Any CPU
		{6E1EBF58-8BA5-4765-8EC0-C4193C3B6C59}.Debug|Any CPU.Build.0 = Debug|Any CPU
		{6E1EBF58-8BA5-4765-8EC0-C4193C3B6C59}.Release|Any CPU.ActiveCfg = Release|Any CPU
		{6E1EBF58-8BA5-4765-8EC0-C4193C3B6C59}.Release|Any CPU.Build.0 = Release|Any CPU
		{39A20880-65D7-4F15-98B5-64C2D3DEC2BB}.Debug|Any CPU.ActiveCfg = Debug|Any CPU
		{39A20880-65D7-4F15-98B5-64C2D3DEC2BB}.Debug|Any CPU.Build.0 = Debug|Any CPU
		{39A20880-65D7-4F15-98B5-64C2D3DEC2BB}.Release|Any CPU.ActiveCfg = Release|Any CPU
		{39A20880-65D7-4F15-98B5-64C2D3DEC2BB}.Release|Any CPU.Build.0 = Release|Any CPU
	EndGlobalSection
	GlobalSection(SolutionProperties) = preSolution
		HideSolutionNode = FALSE
	EndGlobalSection
	GlobalSection(ExtensibilityGlobals) = postSolution
		SolutionGuid = {EA3C98CA-2FC6-4B78-9C3A-6C07616112B6}
	EndGlobalSection
EndGlobal
