
Microsoft Visual Studio Solution File, Format Version 12.00
# Visual Studio Version 17
VisualStudioVersion = 17.0.31912.275
MinimumVisualStudioVersion = 10.0.40219.1
Project("{9A19103F-16F7-4668-BE54-9A1E7A4F7556}") = "SharpMeasures.SourceGenerators", "SharpMeasures.SourceGenerators\SharpMeasures.SourceGenerators.csproj", "{6C8E1208-42EF-4D89-A2CB-1A73164F5404}"
EndProject
Project("{9A19103F-16F7-4668-BE54-9A1E7A4F7556}") = "SharpMeasures", "SharpMeasures\SharpMeasures.csproj", "{1F658304-36FA-4F7F-9380-36ED84ADBD2C}"
EndProject
Project("{9A19103F-16F7-4668-BE54-9A1E7A4F7556}") = "SharpMeasures.Tests", "SharpMeasures.Tests\SharpMeasures.Tests.csproj", "{E8F95ABA-0B41-4721-A662-2B3FE2AA3DE8}"
EndProject
Project("{9A19103F-16F7-4668-BE54-9A1E7A4F7556}") = "SharpMeasures.SourceGenerators.Attributes", "SharpMeasures.SourceGenerators\SharpMeasures.SourceGenerators.Attributes\SharpMeasures.SourceGenerators.Attributes.csproj", "{7AA76402-18C7-4116-923F-E29BBA6C5766}"
EndProject
Global
	GlobalSection(SolutionConfigurationPlatforms) = preSolution
		Debug|Any CPU = Debug|Any CPU
		Release|Any CPU = Release|Any CPU
	EndGlobalSection
	GlobalSection(ProjectConfigurationPlatforms) = postSolution
		{6C8E1208-42EF-4D89-A2CB-1A73164F5404}.Debug|Any CPU.ActiveCfg = Debug|Any CPU
		{6C8E1208-42EF-4D89-A2CB-1A73164F5404}.Debug|Any CPU.Build.0 = Debug|Any CPU
		{6C8E1208-42EF-4D89-A2CB-1A73164F5404}.Release|Any CPU.ActiveCfg = Release|Any CPU
		{6C8E1208-42EF-4D89-A2CB-1A73164F5404}.Release|Any CPU.Build.0 = Release|Any CPU
		{1F658304-36FA-4F7F-9380-36ED84ADBD2C}.Debug|Any CPU.ActiveCfg = Debug|Any CPU
		{1F658304-36FA-4F7F-9380-36ED84ADBD2C}.Debug|Any CPU.Build.0 = Debug|Any CPU
		{1F658304-36FA-4F7F-9380-36ED84ADBD2C}.Release|Any CPU.ActiveCfg = Release|Any CPU
		{1F658304-36FA-4F7F-9380-36ED84ADBD2C}.Release|Any CPU.Build.0 = Release|Any CPU
		{E8F95ABA-0B41-4721-A662-2B3FE2AA3DE8}.Debug|Any CPU.ActiveCfg = Debug|Any CPU
		{E8F95ABA-0B41-4721-A662-2B3FE2AA3DE8}.Debug|Any CPU.Build.0 = Debug|Any CPU
		{E8F95ABA-0B41-4721-A662-2B3FE2AA3DE8}.Release|Any CPU.ActiveCfg = Release|Any CPU
		{E8F95ABA-0B41-4721-A662-2B3FE2AA3DE8}.Release|Any CPU.Build.0 = Release|Any CPU
		{7AA76402-18C7-4116-923F-E29BBA6C5766}.Debug|Any CPU.ActiveCfg = Debug|Any CPU
		{7AA76402-18C7-4116-923F-E29BBA6C5766}.Debug|Any CPU.Build.0 = Debug|Any CPU
		{7AA76402-18C7-4116-923F-E29BBA6C5766}.Release|Any CPU.ActiveCfg = Release|Any CPU
		{7AA76402-18C7-4116-923F-E29BBA6C5766}.Release|Any CPU.Build.0 = Release|Any CPU
	EndGlobalSection
	GlobalSection(SolutionProperties) = preSolution
		HideSolutionNode = FALSE
	EndGlobalSection
	GlobalSection(ExtensibilityGlobals) = postSolution
		SolutionGuid = {EA3C98CA-2FC6-4B78-9C3A-6C07616112B6}
	EndGlobalSection
EndGlobal
