
Microsoft Visual Studio Solution File, Format Version 12.00
# Visual Studio Version 17
VisualStudioVersion = 17.0.31912.275
MinimumVisualStudioVersion = 10.0.40219.1
Project("{2150E333-8FDC-42A3-9474-1A3956D46DE8}") = "Solution Items", "Solution Items", "{502ED935-8C0A-4F7B-970F-D4632F731AF0}"
	ProjectSection(SolutionItems) = preProject
		.editorconfig = .editorconfig
		Directory.Build.props = Directory.Build.props
		Directory.Build.targets = Directory.Build.targets
	EndProjectSection
EndProject
Project("{9A19103F-16F7-4668-BE54-9A1E7A4F7556}") = "SharpMeasures.Base", "SharpMeasures.Base\SharpMeasures.Base.csproj", "{9E2FCD61-2A77-4E29-A06A-1C68FBEC59E8}"
EndProject
Project("{9A19103F-16F7-4668-BE54-9A1E7A4F7556}") = "SharpMeasures", "SharpMeasures\SharpMeasures.csproj", "{8DC296AE-6DA4-4DB1-9C83-E06456E5597A}"
EndProject
Project("{9A19103F-16F7-4668-BE54-9A1E7A4F7556}") = "SharpMeasures.Generators", "SharpMeasures.Generators\SharpMeasures.Generators\SharpMeasures.Generators.csproj", "{0AD7CD70-9A3E-4FCA-8DF1-742FADC62977}"
EndProject
Project("{9A19103F-16F7-4668-BE54-9A1E7A4F7556}") = "SharpMeasures.Generators.Tests", "SharpMeasures.Generators\SharpMeasures.Generators.Tests\SharpMeasures.Generators.Tests.csproj", "{60B15409-1D8D-4F85-AB43-45936FDF27A1}"
EndProject
Project("{9A19103F-16F7-4668-BE54-9A1E7A4F7556}") = "SharpMeasures.Generators.Attributes", "SharpMeasures.Generators\SharpMeasures.Generators.Attributes\SharpMeasures.Generators.Attributes\SharpMeasures.Generators.Attributes.csproj", "{8D6C8E96-D3CF-4676-A72B-A7C392F568D1}"
EndProject
Project("{9A19103F-16F7-4668-BE54-9A1E7A4F7556}") = "SharpMeasures.Generators.Attributes.Parsing", "SharpMeasures.Generators\SharpMeasures.Generators.Attributes\SharpMeasures.Generators.Attributes.Parsing\SharpMeasures.Generators.Attributes.Parsing.csproj", "{9D839523-BEE3-4E84-84ED-3F0C80A91F75}"
EndProject
Project("{9A19103F-16F7-4668-BE54-9A1E7A4F7556}") = "SharpMeasures.Generators.Analyzers", "SharpMeasures.Generators\SharpMeasures.Generators.Analyzers\SharpMeasures.Generators.Analyzers\SharpMeasures.Generators.Analyzers.csproj", "{71288A3D-43A6-4E3A-A3A4-04285E801012}"
EndProject
Project("{9A19103F-16F7-4668-BE54-9A1E7A4F7556}") = "SharpMeasures.Generators.Analyzers.Fixes", "SharpMeasures.Generators\SharpMeasures.Generators.Analyzers\SharpMeasures.Generators.Analyzers.Fixes\SharpMeasures.Generators.Analyzers.Fixes.csproj", "{40D5D577-9547-47B7-A361-8A35DF98A4CD}"
EndProject
Project("{9A19103F-16F7-4668-BE54-9A1E7A4F7556}") = "SharpMeasures.Generators.Analyzers.Tests", "SharpMeasures.Generators\SharpMeasures.Generators.Analyzers\SharpMeasures.Generators.Analyzers.Tests\SharpMeasures.Generators.Analyzers.Tests.csproj", "{1E3E6979-89F8-4590-9073-7BAF0E72C904}"
EndProject
Project("{9A19103F-16F7-4668-BE54-9A1E7A4F7556}") = "SharpMeasures.Generators.Analyzers.Fixes.Tests", "SharpMeasures.Generators\SharpMeasures.Generators.Analyzers\SharpMeasures.Generators.Analyzers.Fixes.Tests\SharpMeasures.Generators.Analyzers.Fixes.Tests.csproj", "{9096A544-F15A-49D8-8E36-5955BC2497F4}"
EndProject
Project("{9A19103F-16F7-4668-BE54-9A1E7A4F7556}") = "SharpMeasures.Generators.Profiling", "SharpMeasures.Generators\SharpMeasures.Generators.Profiling\SharpMeasures.Generators.Profiling.csproj", "{91963CB3-042D-48EE-A309-D365B5A4254B}"
EndProject
Project("{9A19103F-16F7-4668-BE54-9A1E7A4F7556}") = "SharpMeasures.Generators.DriverUtility", "SharpMeasures.Generators\SharpMeasures.Generators.DriverUtility\SharpMeasures.Generators.DriverUtility.csproj", "{0DA36382-DB37-4C19-B941-FF951AB73BFF}"
EndProject
Project("{9A19103F-16F7-4668-BE54-9A1E7A4F7556}") = "SharpMeasures.Generators.RoslynUtility", "SharpMeasures.Generators\SharpMeasures.Generators.RoslynUtility\SharpMeasures.Generators.RoslynUtility.csproj", "{FC261826-1AB6-4011-9A67-A84E9386E555}"
EndProject
Project("{9A19103F-16F7-4668-BE54-9A1E7A4F7556}") = "SharpMeasures.Utility", "SharpMeasures.Utility\SharpMeasures.Utility.csproj", "{6E2735A9-05FD-4051-8A60-5C359A5874C3}"
EndProject
Project("{FAE04EC0-301F-11D3-BF4B-00C04F79EFBC}") = "SharpMeasures.Generators.Units", "SharpMeasures.Generators\SharpMeasures.Generators.Units\SharpMeasures.Generators.Units.csproj", "{8027E02D-EB47-470E-A937-EDA58BC85F2A}"
EndProject
Global
	GlobalSection(SolutionConfigurationPlatforms) = preSolution
		Debug|Any CPU = Debug|Any CPU
		Release|Any CPU = Release|Any CPU
	EndGlobalSection
	GlobalSection(ProjectConfigurationPlatforms) = postSolution
		{9E2FCD61-2A77-4E29-A06A-1C68FBEC59E8}.Debug|Any CPU.ActiveCfg = Debug|Any CPU
		{9E2FCD61-2A77-4E29-A06A-1C68FBEC59E8}.Debug|Any CPU.Build.0 = Debug|Any CPU
		{9E2FCD61-2A77-4E29-A06A-1C68FBEC59E8}.Release|Any CPU.ActiveCfg = Release|Any CPU
		{9E2FCD61-2A77-4E29-A06A-1C68FBEC59E8}.Release|Any CPU.Build.0 = Release|Any CPU
		{8DC296AE-6DA4-4DB1-9C83-E06456E5597A}.Debug|Any CPU.ActiveCfg = Debug|Any CPU
		{8DC296AE-6DA4-4DB1-9C83-E06456E5597A}.Debug|Any CPU.Build.0 = Debug|Any CPU
		{8DC296AE-6DA4-4DB1-9C83-E06456E5597A}.Release|Any CPU.ActiveCfg = Release|Any CPU
		{8DC296AE-6DA4-4DB1-9C83-E06456E5597A}.Release|Any CPU.Build.0 = Release|Any CPU
		{0AD7CD70-9A3E-4FCA-8DF1-742FADC62977}.Debug|Any CPU.ActiveCfg = Debug|Any CPU
		{0AD7CD70-9A3E-4FCA-8DF1-742FADC62977}.Debug|Any CPU.Build.0 = Debug|Any CPU
		{0AD7CD70-9A3E-4FCA-8DF1-742FADC62977}.Release|Any CPU.ActiveCfg = Release|Any CPU
		{0AD7CD70-9A3E-4FCA-8DF1-742FADC62977}.Release|Any CPU.Build.0 = Release|Any CPU
		{60B15409-1D8D-4F85-AB43-45936FDF27A1}.Debug|Any CPU.ActiveCfg = Debug|Any CPU
		{60B15409-1D8D-4F85-AB43-45936FDF27A1}.Debug|Any CPU.Build.0 = Debug|Any CPU
		{60B15409-1D8D-4F85-AB43-45936FDF27A1}.Release|Any CPU.ActiveCfg = Release|Any CPU
		{60B15409-1D8D-4F85-AB43-45936FDF27A1}.Release|Any CPU.Build.0 = Release|Any CPU
		{8D6C8E96-D3CF-4676-A72B-A7C392F568D1}.Debug|Any CPU.ActiveCfg = Debug|Any CPU
		{8D6C8E96-D3CF-4676-A72B-A7C392F568D1}.Debug|Any CPU.Build.0 = Debug|Any CPU
		{8D6C8E96-D3CF-4676-A72B-A7C392F568D1}.Release|Any CPU.ActiveCfg = Release|Any CPU
		{8D6C8E96-D3CF-4676-A72B-A7C392F568D1}.Release|Any CPU.Build.0 = Release|Any CPU
		{9D839523-BEE3-4E84-84ED-3F0C80A91F75}.Debug|Any CPU.ActiveCfg = Debug|Any CPU
		{9D839523-BEE3-4E84-84ED-3F0C80A91F75}.Debug|Any CPU.Build.0 = Debug|Any CPU
		{9D839523-BEE3-4E84-84ED-3F0C80A91F75}.Release|Any CPU.ActiveCfg = Release|Any CPU
		{9D839523-BEE3-4E84-84ED-3F0C80A91F75}.Release|Any CPU.Build.0 = Release|Any CPU
		{71288A3D-43A6-4E3A-A3A4-04285E801012}.Debug|Any CPU.ActiveCfg = Debug|Any CPU
		{71288A3D-43A6-4E3A-A3A4-04285E801012}.Debug|Any CPU.Build.0 = Debug|Any CPU
		{71288A3D-43A6-4E3A-A3A4-04285E801012}.Release|Any CPU.ActiveCfg = Release|Any CPU
		{71288A3D-43A6-4E3A-A3A4-04285E801012}.Release|Any CPU.Build.0 = Release|Any CPU
		{40D5D577-9547-47B7-A361-8A35DF98A4CD}.Debug|Any CPU.ActiveCfg = Debug|Any CPU
		{40D5D577-9547-47B7-A361-8A35DF98A4CD}.Debug|Any CPU.Build.0 = Debug|Any CPU
		{40D5D577-9547-47B7-A361-8A35DF98A4CD}.Release|Any CPU.ActiveCfg = Release|Any CPU
		{40D5D577-9547-47B7-A361-8A35DF98A4CD}.Release|Any CPU.Build.0 = Release|Any CPU
		{1E3E6979-89F8-4590-9073-7BAF0E72C904}.Debug|Any CPU.ActiveCfg = Debug|Any CPU
		{1E3E6979-89F8-4590-9073-7BAF0E72C904}.Debug|Any CPU.Build.0 = Debug|Any CPU
		{1E3E6979-89F8-4590-9073-7BAF0E72C904}.Release|Any CPU.ActiveCfg = Release|Any CPU
		{1E3E6979-89F8-4590-9073-7BAF0E72C904}.Release|Any CPU.Build.0 = Release|Any CPU
		{9096A544-F15A-49D8-8E36-5955BC2497F4}.Debug|Any CPU.ActiveCfg = Debug|Any CPU
		{9096A544-F15A-49D8-8E36-5955BC2497F4}.Debug|Any CPU.Build.0 = Debug|Any CPU
		{9096A544-F15A-49D8-8E36-5955BC2497F4}.Release|Any CPU.ActiveCfg = Release|Any CPU
		{9096A544-F15A-49D8-8E36-5955BC2497F4}.Release|Any CPU.Build.0 = Release|Any CPU
		{91963CB3-042D-48EE-A309-D365B5A4254B}.Debug|Any CPU.ActiveCfg = Debug|Any CPU
		{91963CB3-042D-48EE-A309-D365B5A4254B}.Debug|Any CPU.Build.0 = Debug|Any CPU
		{91963CB3-042D-48EE-A309-D365B5A4254B}.Release|Any CPU.ActiveCfg = Release|Any CPU
		{91963CB3-042D-48EE-A309-D365B5A4254B}.Release|Any CPU.Build.0 = Release|Any CPU
		{0DA36382-DB37-4C19-B941-FF951AB73BFF}.Debug|Any CPU.ActiveCfg = Debug|Any CPU
		{0DA36382-DB37-4C19-B941-FF951AB73BFF}.Debug|Any CPU.Build.0 = Debug|Any CPU
		{0DA36382-DB37-4C19-B941-FF951AB73BFF}.Release|Any CPU.ActiveCfg = Release|Any CPU
		{0DA36382-DB37-4C19-B941-FF951AB73BFF}.Release|Any CPU.Build.0 = Release|Any CPU
		{FC261826-1AB6-4011-9A67-A84E9386E555}.Debug|Any CPU.ActiveCfg = Debug|Any CPU
		{FC261826-1AB6-4011-9A67-A84E9386E555}.Debug|Any CPU.Build.0 = Debug|Any CPU
		{FC261826-1AB6-4011-9A67-A84E9386E555}.Release|Any CPU.ActiveCfg = Release|Any CPU
		{FC261826-1AB6-4011-9A67-A84E9386E555}.Release|Any CPU.Build.0 = Release|Any CPU
		{6E2735A9-05FD-4051-8A60-5C359A5874C3}.Debug|Any CPU.ActiveCfg = Debug|Any CPU
		{6E2735A9-05FD-4051-8A60-5C359A5874C3}.Debug|Any CPU.Build.0 = Debug|Any CPU
		{6E2735A9-05FD-4051-8A60-5C359A5874C3}.Release|Any CPU.ActiveCfg = Release|Any CPU
		{6E2735A9-05FD-4051-8A60-5C359A5874C3}.Release|Any CPU.Build.0 = Release|Any CPU
		{8027E02D-EB47-470E-A937-EDA58BC85F2A}.Debug|Any CPU.ActiveCfg = Debug|Any CPU
		{8027E02D-EB47-470E-A937-EDA58BC85F2A}.Debug|Any CPU.Build.0 = Debug|Any CPU
		{8027E02D-EB47-470E-A937-EDA58BC85F2A}.Release|Any CPU.ActiveCfg = Release|Any CPU
		{8027E02D-EB47-470E-A937-EDA58BC85F2A}.Release|Any CPU.Build.0 = Release|Any CPU
	EndGlobalSection
	GlobalSection(SolutionProperties) = preSolution
		HideSolutionNode = FALSE
	EndGlobalSection
	GlobalSection(ExtensibilityGlobals) = postSolution
		SolutionGuid = {EA3C98CA-2FC6-4B78-9C3A-6C07616112B6}
	EndGlobalSection
EndGlobal
