
Microsoft Visual Studio Solution File, Format Version 12.00
# Visual Studio Version 17
VisualStudioVersion = 17.3.32901.215
MinimumVisualStudioVersion = 10.0.40219.1
Project("{9A19103F-16F7-4668-BE54-9A1E7A4F7556}") = "SharpMeasures.Astronomy", "SharpMeasures.Astronomy\SharpMeasures.Astronomy.csproj", "{398DC838-6926-40EB-9F61-30ECBE46ACDB}"
EndProject
Project("{2150E333-8FDC-42A3-9474-1A3956D46DE8}") = "Solution Items", "Solution Items", "{550E2A20-D090-416E-A199-7EEAF25518E1}"
	ProjectSection(SolutionItems) = preProject
		..\.editorconfig = ..\.editorconfig
		Directory.Build.props = Directory.Build.props
		Directory.Build.targets = Directory.Build.targets
		..\SharpMeasures.Build.props = ..\SharpMeasures.Build.props
	EndProjectSection
EndProject
Global
	GlobalSection(SolutionConfigurationPlatforms) = preSolution
		Debug|Any CPU = Debug|Any CPU
		Release|Any CPU = Release|Any CPU
	EndGlobalSection
	GlobalSection(ProjectConfigurationPlatforms) = postSolution
		{398DC838-6926-40EB-9F61-30ECBE46ACDB}.Debug|Any CPU.ActiveCfg = Debug|Any CPU
		{398DC838-6926-40EB-9F61-30ECBE46ACDB}.Debug|Any CPU.Build.0 = Debug|Any CPU
		{398DC838-6926-40EB-9F61-30ECBE46ACDB}.Release|Any CPU.ActiveCfg = Release|Any CPU
		{398DC838-6926-40EB-9F61-30ECBE46ACDB}.Release|Any CPU.Build.0 = Release|Any CPU
	EndGlobalSection
	GlobalSection(SolutionProperties) = preSolution
		HideSolutionNode = FALSE
	EndGlobalSection
	GlobalSection(ExtensibilityGlobals) = postSolution
		SolutionGuid = {FC3A13AE-CF07-4A1B-80E3-87EA8A849560}
	EndGlobalSection
EndGlobal
