
Microsoft Visual Studio Solution File, Format Version 12.00
# Visual Studio Version 17
VisualStudioVersion = 17.0.31912.275
MinimumVisualStudioVersion = 10.0.40219.1
Project("{2150E333-8FDC-42A3-9474-1A3956D46DE8}") = "Solution Items", "Solution Items", "{502ED935-8C0A-4F7B-970F-D4632F731AF0}"
	ProjectSection(SolutionItems) = preProject
		..\.editorconfig = ..\.editorconfig
		Directory.Build.props = Directory.Build.props
		Directory.Build.targets = Directory.Build.targets
	EndProjectSection
EndProject
Project("{9A19103F-16F7-4668-BE54-9A1E7A4F7556}") = "SharpMeasures.Generators", "SharpMeasures.Generators\SharpMeasures.Generators\SharpMeasures.Generators.csproj", "{0AD7CD70-9A3E-4FCA-8DF1-742FADC62977}"
EndProject
Project("{9A19103F-16F7-4668-BE54-9A1E7A4F7556}") = "SharpMeasures.Generators.Tests", "SharpMeasures.Generators\SharpMeasures.Generators.Tests\SharpMeasures.Generators.Tests.csproj", "{60B15409-1D8D-4F85-AB43-45936FDF27A1}"
EndProject
Project("{9A19103F-16F7-4668-BE54-9A1E7A4F7556}") = "SharpMeasures.Generators.Attributes", "SharpMeasures.Generators\SharpMeasures.Generators.Attributes\SharpMeasures.Generators.Attributes\SharpMeasures.Generators.Attributes.csproj", "{8D6C8E96-D3CF-4676-A72B-A7C392F568D1}"
EndProject
Project("{9A19103F-16F7-4668-BE54-9A1E7A4F7556}") = "SharpMeasures.Generators.Attributes.Parsing", "SharpMeasures.Generators\SharpMeasures.Generators.Attributes\SharpMeasures.Generators.Attributes.Parsing\SharpMeasures.Generators.Attributes.Parsing.csproj", "{9D839523-BEE3-4E84-84ED-3F0C80A91F75}"
EndProject
Project("{9A19103F-16F7-4668-BE54-9A1E7A4F7556}") = "SharpMeasures.Generators.Profiling", "SharpMeasures.Generators\SharpMeasures.Generators.Profiling\SharpMeasures.Generators.Profiling.csproj", "{91963CB3-042D-48EE-A309-D365B5A4254B}"
EndProject
Project("{9A19103F-16F7-4668-BE54-9A1E7A4F7556}") = "SharpMeasures.Generators.DriverUtility", "SharpMeasures.Generators\SharpMeasures.Generators.DriverUtility\SharpMeasures.Generators.DriverUtility.csproj", "{0DA36382-DB37-4C19-B941-FF951AB73BFF}"
EndProject
Project("{9A19103F-16F7-4668-BE54-9A1E7A4F7556}") = "SharpMeasures.Generators.RoslynUtility", "SharpMeasures.Generators\SharpMeasures.Generators.RoslynUtility\SharpMeasures.Generators.RoslynUtility.csproj", "{FC261826-1AB6-4011-9A67-A84E9386E555}"
EndProject
Project("{9A19103F-16F7-4668-BE54-9A1E7A4F7556}") = "SharpMeasures.Utility", "SharpMeasures.Utility\SharpMeasures.Utility.csproj", "{6E2735A9-05FD-4051-8A60-5C359A5874C3}"
EndProject
Project("{9A19103F-16F7-4668-BE54-9A1E7A4F7556}") = "SharpMeasures.Equatables", "SharpMeasures.Equatables\SharpMeasures.Equatables.csproj", "{21B2D84D-2D4A-44B7-951E-EB390F257DD6}"
EndProject
Project("{9A19103F-16F7-4668-BE54-9A1E7A4F7556}") = "SharpMeasures.Generators.Diagnostics", "SharpMeasures.Generators\SharpMeasures.Generators.Diagnostics\SharpMeasures.Generators.Diagnostics.csproj", "{0E9AFFFA-1D42-42D9-9BBA-9743C1117466}"
EndProject
Project("{9A19103F-16F7-4668-BE54-9A1E7A4F7556}") = "SharpMeasures.Generators.SourceBuilding", "SharpMeasures.Generators\SharpMeasures.Generators.SourceBuilding\SharpMeasures.Generators.SourceBuilding.csproj", "{6DB393CC-88EC-4345-BD50-2615F2A1DA69}"
EndProject
Project("{9A19103F-16F7-4668-BE54-9A1E7A4F7556}") = "SharpMeasures.Generators.Documentation", "SharpMeasures.Generators\SharpMeasures.Generators.Documentation\SharpMeasures.Generators.Documentation.csproj", "{D963176C-46E2-444B-97C6-D3C3EFFAA7F8}"
EndProject
Project("{9A19103F-16F7-4668-BE54-9A1E7A4F7556}") = "SharpMeasures.Generators.Units", "SharpMeasures.Generators\SharpMeasures.Generators.Units\SharpMeasures.Generators.Units.csproj", "{0D10C26F-D9E7-494B-8E34-AF574FB47AFC}"
EndProject
Project("{9A19103F-16F7-4668-BE54-9A1E7A4F7556}") = "SharpMeasures.Generators.Attributes.Parsing.API", "SharpMeasures.Generators\SharpMeasures.Generators.Attributes\SharpMeasures.Generators.Attributes.Parsing.API\SharpMeasures.Generators.Attributes.Parsing.API.csproj", "{CC5EF8E4-B714-4636-AA50-C64F1C575167}"
EndProject
Project("{9A19103F-16F7-4668-BE54-9A1E7A4F7556}") = "SharpMeasures.Generators.Scalars", "SharpMeasures.Generators\SharpMeasures.Generators.Scalars\SharpMeasures.Generators.Scalars.csproj", "{79AC4223-321C-4FD3-8DB2-0B9FB3DB00D3}"
EndProject
Project("{9A19103F-16F7-4668-BE54-9A1E7A4F7556}") = "SharpMeasures.Generators.Quantities", "SharpMeasures.Generators\SharpMeasures.Generators.Quantities\SharpMeasures.Generators.Quantities.csproj", "{5353782E-5753-427F-859C-1527F12966EB}"
EndProject
Project("{9A19103F-16F7-4668-BE54-9A1E7A4F7556}") = "SharpMeasures.Generators.Vectors", "SharpMeasures.Generators\SharpMeasures.Generators.Vectors\SharpMeasures.Generators.Vectors.csproj", "{283191D4-5757-4823-A794-D2128F8D5DA0}"
EndProject
Project("{9A19103F-16F7-4668-BE54-9A1E7A4F7556}") = "SharpMeasures.Generators.Configuration", "SharpMeasures.Generators\SharpMeasures.Generators.Configuration\SharpMeasures.Generators.Configuration.csproj", "{EFF17FB1-EE34-40CB-B573-3B18F5898BA0}"
EndProject
Global
	GlobalSection(SolutionConfigurationPlatforms) = preSolution
		Debug|Any CPU = Debug|Any CPU
		Release|Any CPU = Release|Any CPU
	EndGlobalSection
	GlobalSection(ProjectConfigurationPlatforms) = postSolution
		{0AD7CD70-9A3E-4FCA-8DF1-742FADC62977}.Debug|Any CPU.ActiveCfg = Debug|Any CPU
		{0AD7CD70-9A3E-4FCA-8DF1-742FADC62977}.Debug|Any CPU.Build.0 = Debug|Any CPU
		{0AD7CD70-9A3E-4FCA-8DF1-742FADC62977}.Release|Any CPU.ActiveCfg = Release|Any CPU
		{0AD7CD70-9A3E-4FCA-8DF1-742FADC62977}.Release|Any CPU.Build.0 = Release|Any CPU
		{60B15409-1D8D-4F85-AB43-45936FDF27A1}.Debug|Any CPU.ActiveCfg = Debug|Any CPU
		{60B15409-1D8D-4F85-AB43-45936FDF27A1}.Debug|Any CPU.Build.0 = Debug|Any CPU
		{60B15409-1D8D-4F85-AB43-45936FDF27A1}.Release|Any CPU.ActiveCfg = Release|Any CPU
		{60B15409-1D8D-4F85-AB43-45936FDF27A1}.Release|Any CPU.Build.0 = Release|Any CPU
		{8D6C8E96-D3CF-4676-A72B-A7C392F568D1}.Debug|Any CPU.ActiveCfg = Debug|Any CPU
		{8D6C8E96-D3CF-4676-A72B-A7C392F568D1}.Debug|Any CPU.Build.0 = Debug|Any CPU
		{8D6C8E96-D3CF-4676-A72B-A7C392F568D1}.Release|Any CPU.ActiveCfg = Release|Any CPU
		{8D6C8E96-D3CF-4676-A72B-A7C392F568D1}.Release|Any CPU.Build.0 = Release|Any CPU
		{9D839523-BEE3-4E84-84ED-3F0C80A91F75}.Debug|Any CPU.ActiveCfg = Debug|Any CPU
		{9D839523-BEE3-4E84-84ED-3F0C80A91F75}.Debug|Any CPU.Build.0 = Debug|Any CPU
		{9D839523-BEE3-4E84-84ED-3F0C80A91F75}.Release|Any CPU.ActiveCfg = Release|Any CPU
		{9D839523-BEE3-4E84-84ED-3F0C80A91F75}.Release|Any CPU.Build.0 = Release|Any CPU
		{91963CB3-042D-48EE-A309-D365B5A4254B}.Debug|Any CPU.ActiveCfg = Debug|Any CPU
		{91963CB3-042D-48EE-A309-D365B5A4254B}.Debug|Any CPU.Build.0 = Debug|Any CPU
		{91963CB3-042D-48EE-A309-D365B5A4254B}.Release|Any CPU.ActiveCfg = Release|Any CPU
		{91963CB3-042D-48EE-A309-D365B5A4254B}.Release|Any CPU.Build.0 = Release|Any CPU
		{0DA36382-DB37-4C19-B941-FF951AB73BFF}.Debug|Any CPU.ActiveCfg = Debug|Any CPU
		{0DA36382-DB37-4C19-B941-FF951AB73BFF}.Debug|Any CPU.Build.0 = Debug|Any CPU
		{0DA36382-DB37-4C19-B941-FF951AB73BFF}.Release|Any CPU.ActiveCfg = Release|Any CPU
		{0DA36382-DB37-4C19-B941-FF951AB73BFF}.Release|Any CPU.Build.0 = Release|Any CPU
		{FC261826-1AB6-4011-9A67-A84E9386E555}.Debug|Any CPU.ActiveCfg = Debug|Any CPU
		{FC261826-1AB6-4011-9A67-A84E9386E555}.Debug|Any CPU.Build.0 = Debug|Any CPU
		{FC261826-1AB6-4011-9A67-A84E9386E555}.Release|Any CPU.ActiveCfg = Release|Any CPU
		{FC261826-1AB6-4011-9A67-A84E9386E555}.Release|Any CPU.Build.0 = Release|Any CPU
		{6E2735A9-05FD-4051-8A60-5C359A5874C3}.Debug|Any CPU.ActiveCfg = Debug|Any CPU
		{6E2735A9-05FD-4051-8A60-5C359A5874C3}.Debug|Any CPU.Build.0 = Debug|Any CPU
		{6E2735A9-05FD-4051-8A60-5C359A5874C3}.Release|Any CPU.ActiveCfg = Release|Any CPU
		{6E2735A9-05FD-4051-8A60-5C359A5874C3}.Release|Any CPU.Build.0 = Release|Any CPU
		{21B2D84D-2D4A-44B7-951E-EB390F257DD6}.Debug|Any CPU.ActiveCfg = Debug|Any CPU
		{21B2D84D-2D4A-44B7-951E-EB390F257DD6}.Debug|Any CPU.Build.0 = Debug|Any CPU
		{21B2D84D-2D4A-44B7-951E-EB390F257DD6}.Release|Any CPU.ActiveCfg = Release|Any CPU
		{21B2D84D-2D4A-44B7-951E-EB390F257DD6}.Release|Any CPU.Build.0 = Release|Any CPU
		{0E9AFFFA-1D42-42D9-9BBA-9743C1117466}.Debug|Any CPU.ActiveCfg = Debug|Any CPU
		{0E9AFFFA-1D42-42D9-9BBA-9743C1117466}.Debug|Any CPU.Build.0 = Debug|Any CPU
		{0E9AFFFA-1D42-42D9-9BBA-9743C1117466}.Release|Any CPU.ActiveCfg = Release|Any CPU
		{0E9AFFFA-1D42-42D9-9BBA-9743C1117466}.Release|Any CPU.Build.0 = Release|Any CPU
		{6DB393CC-88EC-4345-BD50-2615F2A1DA69}.Debug|Any CPU.ActiveCfg = Debug|Any CPU
		{6DB393CC-88EC-4345-BD50-2615F2A1DA69}.Debug|Any CPU.Build.0 = Debug|Any CPU
		{6DB393CC-88EC-4345-BD50-2615F2A1DA69}.Release|Any CPU.ActiveCfg = Release|Any CPU
		{6DB393CC-88EC-4345-BD50-2615F2A1DA69}.Release|Any CPU.Build.0 = Release|Any CPU
		{D963176C-46E2-444B-97C6-D3C3EFFAA7F8}.Debug|Any CPU.ActiveCfg = Debug|Any CPU
		{D963176C-46E2-444B-97C6-D3C3EFFAA7F8}.Debug|Any CPU.Build.0 = Debug|Any CPU
		{D963176C-46E2-444B-97C6-D3C3EFFAA7F8}.Release|Any CPU.ActiveCfg = Release|Any CPU
		{D963176C-46E2-444B-97C6-D3C3EFFAA7F8}.Release|Any CPU.Build.0 = Release|Any CPU
		{0D10C26F-D9E7-494B-8E34-AF574FB47AFC}.Debug|Any CPU.ActiveCfg = Debug|Any CPU
		{0D10C26F-D9E7-494B-8E34-AF574FB47AFC}.Debug|Any CPU.Build.0 = Debug|Any CPU
		{0D10C26F-D9E7-494B-8E34-AF574FB47AFC}.Release|Any CPU.ActiveCfg = Release|Any CPU
		{0D10C26F-D9E7-494B-8E34-AF574FB47AFC}.Release|Any CPU.Build.0 = Release|Any CPU
		{CC5EF8E4-B714-4636-AA50-C64F1C575167}.Debug|Any CPU.ActiveCfg = Debug|Any CPU
		{CC5EF8E4-B714-4636-AA50-C64F1C575167}.Debug|Any CPU.Build.0 = Debug|Any CPU
		{CC5EF8E4-B714-4636-AA50-C64F1C575167}.Release|Any CPU.ActiveCfg = Release|Any CPU
		{CC5EF8E4-B714-4636-AA50-C64F1C575167}.Release|Any CPU.Build.0 = Release|Any CPU
		{79AC4223-321C-4FD3-8DB2-0B9FB3DB00D3}.Debug|Any CPU.ActiveCfg = Debug|Any CPU
		{79AC4223-321C-4FD3-8DB2-0B9FB3DB00D3}.Debug|Any CPU.Build.0 = Debug|Any CPU
		{79AC4223-321C-4FD3-8DB2-0B9FB3DB00D3}.Release|Any CPU.ActiveCfg = Release|Any CPU
		{79AC4223-321C-4FD3-8DB2-0B9FB3DB00D3}.Release|Any CPU.Build.0 = Release|Any CPU
		{5353782E-5753-427F-859C-1527F12966EB}.Debug|Any CPU.ActiveCfg = Debug|Any CPU
		{5353782E-5753-427F-859C-1527F12966EB}.Debug|Any CPU.Build.0 = Debug|Any CPU
		{5353782E-5753-427F-859C-1527F12966EB}.Release|Any CPU.ActiveCfg = Release|Any CPU
		{5353782E-5753-427F-859C-1527F12966EB}.Release|Any CPU.Build.0 = Release|Any CPU
		{283191D4-5757-4823-A794-D2128F8D5DA0}.Debug|Any CPU.ActiveCfg = Debug|Any CPU
		{283191D4-5757-4823-A794-D2128F8D5DA0}.Debug|Any CPU.Build.0 = Debug|Any CPU
		{283191D4-5757-4823-A794-D2128F8D5DA0}.Release|Any CPU.ActiveCfg = Release|Any CPU
		{283191D4-5757-4823-A794-D2128F8D5DA0}.Release|Any CPU.Build.0 = Release|Any CPU
		{EFF17FB1-EE34-40CB-B573-3B18F5898BA0}.Debug|Any CPU.ActiveCfg = Debug|Any CPU
		{EFF17FB1-EE34-40CB-B573-3B18F5898BA0}.Debug|Any CPU.Build.0 = Debug|Any CPU
		{EFF17FB1-EE34-40CB-B573-3B18F5898BA0}.Release|Any CPU.ActiveCfg = Release|Any CPU
		{EFF17FB1-EE34-40CB-B573-3B18F5898BA0}.Release|Any CPU.Build.0 = Release|Any CPU
	EndGlobalSection
	GlobalSection(SolutionProperties) = preSolution
		HideSolutionNode = FALSE
	EndGlobalSection
	GlobalSection(ExtensibilityGlobals) = postSolution
		SolutionGuid = {EA3C98CA-2FC6-4B78-9C3A-6C07616112B6}
	EndGlobalSection
EndGlobal
